// !$*UTF8*$!
{
	archiveVersion = 1;
	classes = {
	};
	objectVersion = 50;
	objects = {

/* Begin PBXBuildFile section */
		8071F78C26B3D57A00478F0B /* Guess_Number_GameApp.swift in Sources */ = {isa = PBXBuildFile; fileRef = 8071F78B26B3D57A00478F0B /* Guess_Number_GameApp.swift */; };
		8071F78E26B3D57A00478F0B /* ContentView.swift in Sources */ = {isa = PBXBuildFile; fileRef = 8071F78D26B3D57A00478F0B /* ContentView.swift */; };
		8071F79026B3D57B00478F0B /* Assets.xcassets in Resources */ = {isa = PBXBuildFile; fileRef = 8071F78F26B3D57B00478F0B /* Assets.xcassets */; };
		8071F79326B3D57B00478F0B /* Preview Assets.xcassets in Resources */ = {isa = PBXBuildFile; fileRef = 8071F79226B3D57B00478F0B /* Preview Assets.xcassets */; };
		8071F79C26B3D5F900478F0B /* GuessNumberModel.swift in Sources */ = {isa = PBXBuildFile; fileRef = 8071F79B26B3D5F900478F0B /* GuessNumberModel.swift */; };
		8071F79E26B3D62000478F0B /* ViewModel.swift in Sources */ = {isa = PBXBuildFile; fileRef = 8071F79D26B3D62000478F0B /* ViewModel.swift */; };
		8071F7A026B3EE3200478F0B /* ComputerPlayerModel.swift in Sources */ = {isa = PBXBuildFile; fileRef = 8071F79F26B3EE3200478F0B /* ComputerPlayerModel.swift */; };
		8071F7A426B56D2600478F0B /* StartView.swift in Sources */ = {isa = PBXBuildFile; fileRef = 8071F7A326B56D2600478F0B /* StartView.swift */; };
		80955B1E26B5879900608454 /* PlayerEnterNumberView.swift in Sources */ = {isa = PBXBuildFile; fileRef = 80955B1D26B5879900608454 /* PlayerEnterNumberView.swift */; };
		80955B2026B5886D00608454 /* PlayerGuessNumberView.swift in Sources */ = {isa = PBXBuildFile; fileRef = 80955B1F26B5886D00608454 /* PlayerGuessNumberView.swift */; };
		80955B2326B6943A00608454 /* ViewExtension.swift in Sources */ = {isa = PBXBuildFile; fileRef = 80955B2226B6943A00608454 /* ViewExtension.swift */; };
		80955B2526B90C2500608454 /* GameError.swift in Sources */ = {isa = PBXBuildFile; fileRef = 80955B2426B90C2500608454 /* GameError.swift */; };
/* End PBXBuildFile section */

/* Begin PBXFileReference section */
		8071F78826B3D57A00478F0B /* Guess Number Game.app */ = {isa = PBXFileReference; explicitFileType = wrapper.application; includeInIndex = 0; path = "Guess Number Game.app"; sourceTree = BUILT_PRODUCTS_DIR; };
		8071F78B26B3D57A00478F0B /* Guess_Number_GameApp.swift */ = {isa = PBXFileReference; lastKnownFileType = sourcecode.swift; path = Guess_Number_GameApp.swift; sourceTree = "<group>"; };
		8071F78D26B3D57A00478F0B /* ContentView.swift */ = {isa = PBXFileReference; lastKnownFileType = sourcecode.swift; path = ContentView.swift; sourceTree = "<group>"; };
		8071F78F26B3D57B00478F0B /* Assets.xcassets */ = {isa = PBXFileReference; lastKnownFileType = folder.assetcatalog; path = Assets.xcassets; sourceTree = "<group>"; };
		8071F79226B3D57B00478F0B /* Preview Assets.xcassets */ = {isa = PBXFileReference; lastKnownFileType = folder.assetcatalog; path = "Preview Assets.xcassets"; sourceTree = "<group>"; };
		8071F79426B3D57B00478F0B /* Info.plist */ = {isa = PBXFileReference; lastKnownFileType = text.plist.xml; path = Info.plist; sourceTree = "<group>"; };
		8071F79B26B3D5F900478F0B /* GuessNumberModel.swift */ = {isa = PBXFileReference; lastKnownFileType = sourcecode.swift; path = GuessNumberModel.swift; sourceTree = "<group>"; };
		8071F79D26B3D62000478F0B /* ViewModel.swift */ = {isa = PBXFileReference; lastKnownFileType = sourcecode.swift; path = ViewModel.swift; sourceTree = "<group>"; };
		8071F79F26B3EE3200478F0B /* ComputerPlayerModel.swift */ = {isa = PBXFileReference; lastKnownFileType = sourcecode.swift; path = ComputerPlayerModel.swift; sourceTree = "<group>"; };
		8071F7A326B56D2600478F0B /* StartView.swift */ = {isa = PBXFileReference; lastKnownFileType = sourcecode.swift; path = StartView.swift; sourceTree = "<group>"; };
		80955B1D26B5879900608454 /* PlayerEnterNumberView.swift */ = {isa = PBXFileReference; lastKnownFileType = sourcecode.swift; path = PlayerEnterNumberView.swift; sourceTree = "<group>"; };
		80955B1F26B5886D00608454 /* PlayerGuessNumberView.swift */ = {isa = PBXFileReference; lastKnownFileType = sourcecode.swift; path = PlayerGuessNumberView.swift; sourceTree = "<group>"; };
		80955B2226B6943A00608454 /* ViewExtension.swift */ = {isa = PBXFileReference; lastKnownFileType = sourcecode.swift; path = ViewExtension.swift; sourceTree = "<group>"; };
		80955B2426B90C2500608454 /* GameError.swift */ = {isa = PBXFileReference; lastKnownFileType = sourcecode.swift; path = GameError.swift; sourceTree = "<group>"; };
/* End PBXFileReference section */

/* Begin PBXFrameworksBuildPhase section */
		8071F78526B3D57A00478F0B /* Frameworks */ = {
			isa = PBXFrameworksBuildPhase;
			buildActionMask = 2147483647;
			files = (
			);
			runOnlyForDeploymentPostprocessing = 0;
		};
/* End PBXFrameworksBuildPhase section */

/* Begin PBXGroup section */
		8071F77F26B3D57A00478F0B = {
			isa = PBXGroup;
			children = (
				8071F78A26B3D57A00478F0B /* Guess Number Game */,
				8071F78926B3D57A00478F0B /* Products */,
			);
			sourceTree = "<group>";
		};
		8071F78926B3D57A00478F0B /* Products */ = {
			isa = PBXGroup;
			children = (
				8071F78826B3D57A00478F0B /* Guess Number Game.app */,
			);
			name = Products;
			sourceTree = "<group>";
		};
		8071F78A26B3D57A00478F0B /* Guess Number Game */ = {
			isa = PBXGroup;
			children = (
				8071F79A26B3D5DE00478F0B /* Views */,
				80955B2126B6942900608454 /* Extensions */,
				8071F78B26B3D57A00478F0B /* Guess_Number_GameApp.swift */,
				8071F79B26B3D5F900478F0B /* GuessNumberModel.swift */,
				8071F79F26B3EE3200478F0B /* ComputerPlayerModel.swift */,
				8071F79D26B3D62000478F0B /* ViewModel.swift */,
				80955B2426B90C2500608454 /* GameError.swift */,
				8071F78F26B3D57B00478F0B /* Assets.xcassets */,
				8071F79426B3D57B00478F0B /* Info.plist */,
				8071F79126B3D57B00478F0B /* Preview Content */,
			);
			path = "Guess Number Game";
			sourceTree = "<group>";
		};
		8071F79126B3D57B00478F0B /* Preview Content */ = {
			isa = PBXGroup;
			children = (
				8071F79226B3D57B00478F0B /* Preview Assets.xcassets */,
			);
			path = "Preview Content";
			sourceTree = "<group>";
		};
		8071F79A26B3D5DE00478F0B /* Views */ = {
			isa = PBXGroup;
			children = (
				8071F78D26B3D57A00478F0B /* ContentView.swift */,
				8071F7A326B56D2600478F0B /* StartView.swift */,
				80955B1F26B5886D00608454 /* PlayerGuessNumberView.swift */,
				80955B1D26B5879900608454 /* PlayerEnterNumberView.swift */,
			);
			path = Views;
			sourceTree = "<group>";
		};
		80955B2126B6942900608454 /* Extensions */ = {
			isa = PBXGroup;
			children = (
				80955B2226B6943A00608454 /* ViewExtension.swift */,
			);
			path = Extensions;
			sourceTree = "<group>";
		};
/* End PBXGroup section */

/* Begin PBXNativeTarget section */
		8071F78726B3D57A00478F0B /* Guess Number Game */ = {
			isa = PBXNativeTarget;
			buildConfigurationList = 8071F79726B3D57B00478F0B /* Build configuration list for PBXNativeTarget "Guess Number Game" */;
			buildPhases = (
				8071F78426B3D57A00478F0B /* Sources */,
				8071F78526B3D57A00478F0B /* Frameworks */,
				8071F78626B3D57A00478F0B /* Resources */,
			);
			buildRules = (
			);
			dependencies = (
			);
			name = "Guess Number Game";
			productName = "Guess Number Game";
			productReference = 8071F78826B3D57A00478F0B /* Guess Number Game.app */;
			productType = "com.apple.product-type.application";
		};
/* End PBXNativeTarget section */

/* Begin PBXProject section */
		8071F78026B3D57A00478F0B /* Project object */ = {
			isa = PBXProject;
			attributes = {
				LastSwiftUpdateCheck = 1250;
				LastUpgradeCheck = 1250;
				TargetAttributes = {
					8071F78726B3D57A00478F0B = {
						CreatedOnToolsVersion = 12.5.1;
					};
				};
			};
			buildConfigurationList = 8071F78326B3D57A00478F0B /* Build configuration list for PBXProject "Guess Number Game" */;
			compatibilityVersion = "Xcode 9.3";
			developmentRegion = en;
			hasScannedForEncodings = 0;
			knownRegions = (
				en,
				Base,
			);
			mainGroup = 8071F77F26B3D57A00478F0B;
			productRefGroup = 8071F78926B3D57A00478F0B /* Products */;
			projectDirPath = "";
			projectRoot = "";
			targets = (
				8071F78726B3D57A00478F0B /* Guess Number Game */,
			);
		};
/* End PBXProject section */

/* Begin PBXResourcesBuildPhase section */
		8071F78626B3D57A00478F0B /* Resources */ = {
			isa = PBXResourcesBuildPhase;
			buildActionMask = 2147483647;
			files = (
				8071F79326B3D57B00478F0B /* Preview Assets.xcassets in Resources */,
				8071F79026B3D57B00478F0B /* Assets.xcassets in Resources */,
			);
			runOnlyForDeploymentPostprocessing = 0;
		};
/* End PBXResourcesBuildPhase section */

/* Begin PBXSourcesBuildPhase section */
		8071F78426B3D57A00478F0B /* Sources */ = {
			isa = PBXSourcesBuildPhase;
			buildActionMask = 2147483647;
			files = (
				8071F7A026B3EE3200478F0B /* ComputerPlayerModel.swift in Sources */,
				8071F79C26B3D5F900478F0B /* GuessNumberModel.swift in Sources */,
				80955B2026B5886D00608454 /* PlayerGuessNumberView.swift in Sources */,
				8071F79E26B3D62000478F0B /* ViewModel.swift in Sources */,
				80955B2326B6943A00608454 /* ViewExtension.swift in Sources */,
				80955B2526B90C2500608454 /* GameError.swift in Sources */,
				8071F78E26B3D57A00478F0B /* ContentView.swift in Sources */,
				8071F78C26B3D57A00478F0B /* Guess_Number_GameApp.swift in Sources */,
				80955B1E26B5879900608454 /* PlayerEnterNumberView.swift in Sources */,
				8071F7A426B56D2600478F0B /* StartView.swift in Sources */,
			);
			runOnlyForDeploymentPostprocessing = 0;
		};
/* End PBXSourcesBuildPhase section */

/* Begin XCBuildConfiguration section */
		8071F79526B3D57B00478F0B /* Debug */ = {
			isa = XCBuildConfiguration;
			buildSettings = {
				ALWAYS_SEARCH_USER_PATHS = NO;
				CLANG_ANALYZER_NONNULL = YES;
				CLANG_ANALYZER_NUMBER_OBJECT_CONVERSION = YES_AGGRESSIVE;
				CLANG_CXX_LANGUAGE_STANDARD = "gnu++14";
				CLANG_CXX_LIBRARY = "libc++";
				CLANG_ENABLE_MODULES = YES;
				CLANG_ENABLE_OBJC_ARC = YES;
				CLANG_ENABLE_OBJC_WEAK = YES;
				CLANG_WARN_BLOCK_CAPTURE_AUTORELEASING = YES;
				CLANG_WARN_BOOL_CONVERSION = YES;
				CLANG_WARN_COMMA = YES;
				CLANG_WARN_CONSTANT_CONVERSION = YES;
				CLANG_WARN_DEPRECATED_OBJC_IMPLEMENTATIONS = YES;
				CLANG_WARN_DIRECT_OBJC_ISA_USAGE = YES_ERROR;
				CLANG_WARN_DOCUMENTATION_COMMENTS = YES;
				CLANG_WARN_EMPTY_BODY = YES;
				CLANG_WARN_ENUM_CONVERSION = YES;
				CLANG_WARN_INFINITE_RECURSION = YES;
				CLANG_WARN_INT_CONVERSION = YES;
				CLANG_WARN_NON_LITERAL_NULL_CONVERSION = YES;
				CLANG_WARN_OBJC_IMPLICIT_RETAIN_SELF = YES;
				CLANG_WARN_OBJC_LITERAL_CONVERSION = YES;
				CLANG_WARN_OBJC_ROOT_CLASS = YES_ERROR;
				CLANG_WARN_QUOTED_INCLUDE_IN_FRAMEWORK_HEADER = YES;
				CLANG_WARN_RANGE_LOOP_ANALYSIS = YES;
				CLANG_WARN_STRICT_PROTOTYPES = YES;
				CLANG_WARN_SUSPICIOUS_MOVE = YES;
				CLANG_WARN_UNGUARDED_AVAILABILITY = YES_AGGRESSIVE;
				CLANG_WARN_UNREACHABLE_CODE = YES;
				CLANG_WARN__DUPLICATE_METHOD_MATCH = YES;
				COPY_PHASE_STRIP = NO;
				DEBUG_INFORMATION_FORMAT = dwarf;
				ENABLE_STRICT_OBJC_MSGSEND = YES;
				ENABLE_TESTABILITY = YES;
				GCC_C_LANGUAGE_STANDARD = gnu11;
				GCC_DYNAMIC_NO_PIC = NO;
				GCC_NO_COMMON_BLOCKS = YES;
				GCC_OPTIMIZATION_LEVEL = 0;
				GCC_PREPROCESSOR_DEFINITIONS = (
					"DEBUG=1",
					"$(inherited)",
				);
				GCC_WARN_64_TO_32_BIT_CONVERSION = YES;
				GCC_WARN_ABOUT_RETURN_TYPE = YES_ERROR;
				GCC_WARN_UNDECLARED_SELECTOR = YES;
				GCC_WARN_UNINITIALIZED_AUTOS = YES_AGGRESSIVE;
				GCC_WARN_UNUSED_FUNCTION = YES;
				GCC_WARN_UNUSED_VARIABLE = YES;
				IPHONEOS_DEPLOYMENT_TARGET = 14.5;
				MTL_ENABLE_DEBUG_INFO = INCLUDE_SOURCE;
				MTL_FAST_MATH = YES;
				ONLY_ACTIVE_ARCH = YES;
				SDKROOT = iphoneos;
				SWIFT_ACTIVE_COMPILATION_CONDITIONS = DEBUG;
				SWIFT_OPTIMIZATION_LEVEL = "-Onone";
			};
			name = Debug;
		};
		8071F79626B3D57B00478F0B /* Release */ = {
			isa = XCBuildConfiguration;
			buildSettings = {
				ALWAYS_SEARCH_USER_PATHS = NO;
				CLANG_ANALYZER_NONNULL = YES;
				CLANG_ANALYZER_NUMBER_OBJECT_CONVERSION = YES_AGGRESSIVE;
				CLANG_CXX_LANGUAGE_STANDARD = "gnu++14";
				CLANG_CXX_LIBRARY = "libc++";
				CLANG_ENABLE_MODULES = YES;
				CLANG_ENABLE_OBJC_ARC = YES;
				CLANG_ENABLE_OBJC_WEAK = YES;
				CLANG_WARN_BLOCK_CAPTURE_AUTORELEASING = YES;
				CLANG_WARN_BOOL_CONVERSION = YES;
				CLANG_WARN_COMMA = YES;
				CLANG_WARN_CONSTANT_CONVERSION = YES;
				CLANG_WARN_DEPRECATED_OBJC_IMPLEMENTATIONS = YES;
				CLANG_WARN_DIRECT_OBJC_ISA_USAGE = YES_ERROR;
				CLANG_WARN_DOCUMENTATION_COMMENTS = YES;
				CLANG_WARN_EMPTY_BODY = YES;
				CLANG_WARN_ENUM_CONVERSION = YES;
				CLANG_WARN_INFINITE_RECURSION = YES;
				CLANG_WARN_INT_CONVERSION = YES;
				CLANG_WARN_NON_LITERAL_NULL_CONVERSION = YES;
				CLANG_WARN_OBJC_IMPLICIT_RETAIN_SELF = YES;
				CLANG_WARN_OBJC_LITERAL_CONVERSION = YES;
				CLANG_WARN_OBJC_ROOT_CLASS = YES_ERROR;
				CLANG_WARN_QUOTED_INCLUDE_IN_FRAMEWORK_HEADER = YES;
				CLANG_WARN_RANGE_LOOP_ANALYSIS = YES;
				CLANG_WARN_STRICT_PROTOTYPES = YES;
				CLANG_WARN_SUSPICIOUS_MOVE = YES;
				CLANG_WARN_UNGUARDED_AVAILABILITY = YES_AGGRESSIVE;
				CLANG_WARN_UNREACHABLE_CODE = YES;
				CLANG_WARN__DUPLICATE_METHOD_MATCH = YES;
				COPY_PHASE_STRIP = NO;
				DEBUG_INFORMATION_FORMAT = "dwarf-with-dsym";
				ENABLE_NS_ASSERTIONS = NO;
				ENABLE_STRICT_OBJC_MSGSEND = YES;
				GCC_C_LANGUAGE_STANDARD = gnu11;
				GCC_NO_COMMON_BLOCKS = YES;
				GCC_WARN_64_TO_32_BIT_CONVERSION = YES;
				GCC_WARN_ABOUT_RETURN_TYPE = YES_ERROR;
				GCC_WARN_UNDECLARED_SELECTOR = YES;
				GCC_WARN_UNINITIALIZED_AUTOS = YES_AGGRESSIVE;
				GCC_WARN_UNUSED_FUNCTION = YES;
				GCC_WARN_UNUSED_VARIABLE = YES;
				IPHONEOS_DEPLOYMENT_TARGET = 14.5;
				MTL_ENABLE_DEBUG_INFO = NO;
				MTL_FAST_MATH = YES;
				SDKROOT = iphoneos;
				SWIFT_COMPILATION_MODE = wholemodule;
				SWIFT_OPTIMIZATION_LEVEL = "-O";
				VALIDATE_PRODUCT = YES;
			};
			name = Release;
		};
		8071F79826B3D57B00478F0B /* Debug */ = {
			isa = XCBuildConfiguration;
			buildSettings = {
				ASSETCATALOG_COMPILER_APPICON_NAME = AppIcon;
				ASSETCATALOG_COMPILER_GLOBAL_ACCENT_COLOR_NAME = AccentColor;
				CODE_SIGN_STYLE = Automatic;
				DEVELOPMENT_ASSET_PATHS = "\"Guess Number Game/Preview Content\"";
				DEVELOPMENT_TEAM = T3UJS8MYS7;
				ENABLE_PREVIEWS = YES;
				INFOPLIST_FILE = "Guess Number Game/Info.plist";
				IPHONEOS_DEPLOYMENT_TARGET = 14.0;
				LD_RUNPATH_SEARCH_PATHS = (
					"$(inherited)",
					"@executable_path/Frameworks",
				);
				PRODUCT_BUNDLE_IDENTIFIER = "Volodymyr.Guess-Number-Game";
				PRODUCT_NAME = "$(TARGET_NAME)";
				SWIFT_VERSION = 5.0;
				TARGETED_DEVICE_FAMILY = "1,2";
			};
			name = Debug;
		};
		8071F79926B3D57B00478F0B /* Release */ = {
			isa = XCBuildConfiguration;
			buildSettings = {
				ASSETCATALOG_COMPILER_APPICON_NAME = AppIcon;
				ASSETCATALOG_COMPILER_GLOBAL_ACCENT_COLOR_NAME = AccentColor;
				CODE_SIGN_STYLE = Automatic;
				DEVELOPMENT_ASSET_PATHS = "\"Guess Number Game/Preview Content\"";
				DEVELOPMENT_TEAM = T3UJS8MYS7;
				ENABLE_PREVIEWS = YES;
				INFOPLIST_FILE = "Guess Number Game/Info.plist";
				IPHONEOS_DEPLOYMENT_TARGET = 14.0;
				LD_RUNPATH_SEARCH_PATHS = (
					"$(inherited)",
					"@executable_path/Frameworks",
				);
				PRODUCT_BUNDLE_IDENTIFIER = "Volodymyr.Guess-Number-Game";
				PRODUCT_NAME = "$(TARGET_NAME)";
				SWIFT_VERSION = 5.0;
				TARGETED_DEVICE_FAMILY = "1,2";
			};
			name = Release;
		};
/* End XCBuildConfiguration section */

/* Begin XCConfigurationList section */
		8071F78326B3D57A00478F0B /* Build configuration list for PBXProject "Guess Number Game" */ = {
			isa = XCConfigurationList;
			buildConfigurations = (
				8071F79526B3D57B00478F0B /* Debug */,
				8071F79626B3D57B00478F0B /* Release */,
			);
			defaultConfigurationIsVisible = 0;
			defaultConfigurationName = Release;
		};
		8071F79726B3D57B00478F0B /* Build configuration list for PBXNativeTarget "Guess Number Game" */ = {
			isa = XCConfigurationList;
			buildConfigurations = (
				8071F79826B3D57B00478F0B /* Debug */,
				8071F79926B3D57B00478F0B /* Release */,
			);
			defaultConfigurationIsVisible = 0;
			defaultConfigurationName = Release;
		};
/* End XCConfigurationList section */
	};
	rootObject = 8071F78026B3D57A00478F0B /* Project object */;
}
